
Microsoft Visual Studio Solution File, Format Version 12.00
# Visual Studio Version 16
VisualStudioVersion = 16.0.29613.14
MinimumVisualStudioVersion = 10.0.40219.1
Project("{9A19103F-16F7-4668-BE54-9A1E7A4F7556}") = "TrailTracker.API", "TrailTracker.API\TrailTracker.API.csproj", "{18E833A5-CD7E-4AEF-8312-45F2E70003B2}"
EndProject
Project("{9A19103F-16F7-4668-BE54-9A1E7A4F7556}") = "TrailTracker.API.Tests", "TrailTracker.API.Tests\TrailTracker.API.Tests.csproj", "{40CC9EF4-7D4C-4F42-8AB3-4BD0BB8A1DB9}"
EndProject
Global
	GlobalSection(SolutionConfigurationPlatforms) = preSolution
		Debug|Any CPU = Debug|Any CPU
		Release|Any CPU = Release|Any CPU
	EndGlobalSection
	GlobalSection(ProjectConfigurationPlatforms) = postSolution
		{18E833A5-CD7E-4AEF-8312-45F2E70003B2}.Debug|Any CPU.ActiveCfg = Debug|Any CPU
		{18E833A5-CD7E-4AEF-8312-45F2E70003B2}.Debug|Any CPU.Build.0 = Debug|Any CPU
		{18E833A5-CD7E-4AEF-8312-45F2E70003B2}.Release|Any CPU.ActiveCfg = Release|Any CPU
		{18E833A5-CD7E-4AEF-8312-45F2E70003B2}.Release|Any CPU.Build.0 = Release|Any CPU
		{40CC9EF4-7D4C-4F42-8AB3-4BD0BB8A1DB9}.Debug|Any CPU.ActiveCfg = Debug|Any CPU
		{40CC9EF4-7D4C-4F42-8AB3-4BD0BB8A1DB9}.Debug|Any CPU.Build.0 = Debug|Any CPU
		{40CC9EF4-7D4C-4F42-8AB3-4BD0BB8A1DB9}.Release|Any CPU.ActiveCfg = Release|Any CPU
		{40CC9EF4-7D4C-4F42-8AB3-4BD0BB8A1DB9}.Release|Any CPU.Build.0 = Release|Any CPU
	EndGlobalSection
	GlobalSection(SolutionProperties) = preSolution
		HideSolutionNode = FALSE
	EndGlobalSection
	GlobalSection(ExtensibilityGlobals) = postSolution
		SolutionGuid = {A9919EF4-E090-437A-8137-3699776EB3A1}
	EndGlobalSection
EndGlobal
